<Project xmlns="http://schemas.microsoft.com/developer/msbuild/2003">
    <PropertyGroup>
        <ProjectGuid>{400EDC6D-BB28-4B5D-9881-96DC835A91C1}</ProjectGuid>
        <MainSource>FMXfrx24.dpk</MainSource>
        <Base>True</Base>
        <Config Condition="'$(Config)'==''">Debug</Config>
        <TargetedPlatforms>1025</TargetedPlatforms>
        <AppType>Package</AppType>
        <FrameworkType>None</FrameworkType>
        <ProjectVersion>18.1</ProjectVersion>
        <Platform Condition="'$(Platform)'==''">Win32</Platform>
    </PropertyGroup>
    <PropertyGroup Condition="'$(Config)'=='Base' or '$(Base)'!=''">
        <Base>true</Base>
    </PropertyGroup>
    <PropertyGroup Condition="('$(Platform)'=='Win32' and '$(Base)'=='true') or '$(Base_Win32)'!=''">
        <Base_Win32>true</Base_Win32>
        <CfgParent>Base</CfgParent>
        <Base>true</Base>
    </PropertyGroup>
    <PropertyGroup Condition="('$(Platform)'=='Android' and '$(Base)'=='true') or '$(Base_Android)'!=''">
        <Base_Android>true</Base_Android>
        <CfgParent>Base</CfgParent>
        <Base>true</Base>
    </PropertyGroup>
    <PropertyGroup Condition="'$(Config)'=='Release' or '$(Cfg_1)'!=''">
        <Cfg_1>true</Cfg_1>
        <CfgParent>Base</CfgParent>
        <Base>true</Base>
    </PropertyGroup>
    <PropertyGroup Condition="'$(Config)'=='Debug' or '$(Cfg_2)'!=''">
        <Cfg_2>true</Cfg_2>
        <CfgParent>Base</CfgParent>
        <Base>true</Base>
    </PropertyGroup>
    <PropertyGroup Condition="'$(Base)'!=''">
        <DCC_N>false</DCC_N>
        <DCC_S>false</DCC_S>
        <DCC_E>false</DCC_E>
        <VerInfo_Locale>1049</VerInfo_Locale>
        <DCC_ImageBase>00400000</DCC_ImageBase>
        <GenDll>true</GenDll>
        <DCC_Namespace>System;Xml;Data;Datasnap;Web;Soap;REST.Authenticator.OAuth.WebForm;$(DCC_Namespace)</DCC_Namespace>
        <DCC_OutputNeverBuildDcps>true</DCC_OutputNeverBuildDcps>
        <DCC_K>false</DCC_K>
        <SanitizedProjectName>FMXfrx24</SanitizedProjectName>
        <GenPackage>true</GenPackage>
        <VerInfo_Keys>CompanyName=;FileDescription=;FileVersion=1.0.0.0;InternalName=;LegalCopyright=;LegalTrademarks=;OriginalFilename=;ProductName=;ProductVersion=1.0.0.0;Comments=;CFBundleName=</VerInfo_Keys>
        <RuntimeOnlyPackage>true</RuntimeOnlyPackage>
        <DCC_F>false</DCC_F>
    </PropertyGroup>
    <PropertyGroup Condition="'$(Base_Win32)'!=''">
        <VerInfo_Locale>1033</VerInfo_Locale>
        <DCC_Namespace>Winapi;System.Win;Data.Win;Datasnap.Win;Web.Win;Soap.Win;Xml.Win;Bde;$(DCC_Namespace)</DCC_Namespace>
        <VerInfo_Keys>CompanyName=;FileDescription=;FileVersion=1.0.0.0;InternalName=;LegalCopyright=;LegalTrademarks=;OriginalFilename=;ProductName=;ProductVersion=1.0.0.0;Comments=</VerInfo_Keys>
        <VerInfo_IncludeVerInfo>true</VerInfo_IncludeVerInfo>
    </PropertyGroup>
    <PropertyGroup Condition="'$(Base_Android)'!=''">
        <VerInfo_Keys>package=com.embarcadero.$(MSBuildProjectName);label=$(MSBuildProjectName);versionCode=1;versionName=1.0.0;persistent=False;restoreAnyVersion=False;installLocation=auto;largeHeap=False;theme=TitleBar;hardwareAccelerated=true;apiKey=</VerInfo_Keys>
        <BT_BuildType>Debug</BT_BuildType>
    </PropertyGroup>
    <PropertyGroup Condition="'$(Cfg_1)'!=''">
        <DCC_LocalDebugSymbols>false</DCC_LocalDebugSymbols>
        <DCC_SymbolReferenceInfo>0</DCC_SymbolReferenceInfo>
        <DCC_Define>RELEASE;$(DCC_Define)</DCC_Define>
        <DCC_DebugInformation>0</DCC_DebugInformation>
    </PropertyGroup>
    <PropertyGroup Condition="'$(Cfg_2)'!=''">
        <DCC_GenerateStackFrames>true</DCC_GenerateStackFrames>
        <DCC_Optimize>false</DCC_Optimize>
        <DCC_Define>DEBUG;$(DCC_Define)</DCC_Define>
    </PropertyGroup>
    <ItemGroup>
        <DelphiCompile Include="$(MainSource)">
            <MainSource>MainSource</MainSource>
        </DelphiCompile>
        <DCCReference Include="FMX.dcp"/>
        <DCCReference Include="FMXfs24.dcp"/>
        <DCCReference Include="FMX.frxAggregate.pas"/>
        <DCCReference Include="FMX.frxClass.pas"/>
        <DCCReference Include="FMX.frxClassRTTI.pas"/>
        <DCCReference Include="FMX.frxCtrls.pas"/>
        <DCCReference Include="FMX.frxDialogForm.pas"/>
        <DCCReference Include="FMX.frxDMPClass.pas"/>
        <DCCReference Include="FMX.frxEngine.pas"/>
        <DCCReference Include="FMX.frxFMX.pas"/>
        <DCCReference Include="FMX.frxGraphicUtils.pas"/>
        <DCCReference Include="FMX.frxPassw.pas"/>
        <DCCReference Include="FMX.frxPictureCache.pas"/>
        <DCCReference Include="FMX.frxPreview.pas"/>
        <DCCReference Include="FMX.frxPreviewPages.pas"/>
        <DCCReference Include="FMX.frxPreviewPageSettings.pas"/>
        <DCCReference Include="FMX.frxPrintDialog.pas"/>
        <DCCReference Include="FMX.frxPrinter.pas"/>
        <DCCReference Include="FMX.Win.frxPrinter.pas"/>
        <DCCReference Include="FMX.frxProgress.pas"/>
        <DCCReference Include="FMX.frxrcClass.pas"/>
        <DCCReference Include="FMX.frxRes.pas"/>
        <DCCReference Include="FMX.frxSearchDialog.pas"/>
        <DCCReference Include="FMX.frxUnicodeUtils.pas"/>
        <DCCReference Include="FMX.frxUtils.pas"/>
        <DCCReference Include="FMX.frxVariables.pas"/>
        <DCCReference Include="FMX.frxXML.pas"/>
        <DCCReference Include="FMX.frxXMLSerializer.pas"/>
        <DCCReference Include="FMX.frxAbout.pas"/>
        <DCCReference Include="FMX.frxCodeUtils.pas"/>
        <DCCReference Include="FMX.frxCustomEditors.pas"/>
        <DCCReference Include="FMX.frxDataTree.pas"/>
        <DCCReference Include="FMX.frxDesgn.pas"/>
        <DCCReference Include="FMX.frxDesgnEditors.pas"/>
        <DCCReference Include="FMX.frxDesgnWorkspace.pas"/>
        <DCCReference Include="FMX.frxDesgnWorkspace1.pas"/>
        <DCCReference Include="FMX.frxDsgnIntf.pas"/>
        <DCCReference Include="FMX.frxEditDataBand.pas"/>
        <DCCReference Include="FMX.frxEditExpr.pas"/>
        <DCCReference Include="FMX.frxEditFormat.pas"/>
        <DCCReference Include="FMX.frxEditFrame.pas"/>
        <DCCReference Include="FMX.frxEditGroup.pas"/>
        <DCCReference Include="FMX.frxEditHighlight.pas"/>
        <DCCReference Include="FMX.frxEditMemo.pas"/>
        <DCCReference Include="FMX.frxEditOptions.pas"/>
        <DCCReference Include="FMX.frxEditPage.pas"/>
        <DCCReference Include="FMX.frxEditPicture.pas"/>
        <DCCReference Include="FMX.frxEditReport.pas"/>
        <DCCReference Include="FMX.frxEditReportData.pas"/>
        <DCCReference Include="FMX.frxEditStrings.pas"/>
        <DCCReference Include="FMX.frxEditStyle.pas"/>
        <DCCReference Include="FMX.frxEditSysMemo.pas"/>
        <DCCReference Include="FMX.frxEditTabOrder.pas"/>
        <DCCReference Include="FMX.frxEditVar.pas"/>
        <DCCReference Include="FMX.frxEvaluateForm.pas"/>
        <DCCReference Include="FMX.frxInheritError.pas"/>
        <DCCReference Include="FMX.frxInsp.pas"/>
        <DCCReference Include="FMX.frxPopupForm.pas"/>
        <DCCReference Include="FMX.frxrcDesgn.pas"/>
        <DCCReference Include="FMX.frxrcInsp.pas"/>
        <DCCReference Include="FMX.frxReportTree.pas"/>
        <DCCReference Include="FMX.frxWatchForm.pas"/>
        <DCCReference Include="FMX.frxCross.pas"/>
        <DCCReference Include="FMX.frxCrossEditor.pas"/>
        <DCCReference Include="FMX.frxCrossRTTI.pas"/>
        <DCCReference Include="FMX.frxDCtrl.pas"/>
        <DCCReference Include="FMX.frxDCtrlRTTI.pas"/>
        <DCCReference Include="FMX.frxGradient.pas"/>
        <DCCReference Include="FMX.frxGradientRTTI.pas"/>
        <DCCReference Include="FMX.frxGZip.pas"/>
        <DCCReference Include="FMX.frxDesgnCtrls.pas"/>
        <DCCReference Include="FMX.frxBarcode2DView.pas"/>
        <DCCReference Include="FMX.frxBarcode2DBase.pas"/>
        <DCCReference Include="FMX.frxBarcode.pas"/>
        <DCCReference Include="FMX.frxBarcod.pas"/>
        <DCCReference Include="FMX.frxBarcodeEditor.pas">
            <Form>frxBarcodeEditorForm</Form>
        </DCCReference>
        <DCCReference Include="FMX.frxBarcodeProperties.pas"/>
        <DCCReference Include="FMX.frxBarcodeDataMatrix.pas"/>
        <DCCReference Include="FMX.frxBarcodePDF417.pas"/>
        <DCCReference Include="FMX.frxBarcodeRTTI.pas"/>
        <DCCReference Include="FMX.frxChBox.pas"/>
        <DCCReference Include="FMX.frxChBoxRTTI.pas"/>
        <DCCReference Include="FMX.frxEditAliases.pas">
            <Form>frxAliasesEditorForm</Form>
        </DCCReference>
        <BuildConfiguration Include="Debug">
            <Key>Cfg_2</Key>
            <CfgParent>Base</CfgParent>
        </BuildConfiguration>
        <BuildConfiguration Include="Base">
            <Key>Base</Key>
        </BuildConfiguration>
        <BuildConfiguration Include="Release">
            <Key>Cfg_1</Key>
            <CfgParent>Base</CfgParent>
        </BuildConfiguration>
    </ItemGroup>
    <ProjectExtensions>
        <Borland.Personality>Delphi.Personality.12</Borland.Personality>
        <Borland.ProjectType>Package</Borland.ProjectType>
        <BorlandProject>
            <Delphi.Personality>
                <Source>
                    <Source Name="MainSource">FMXfrx24.dpk</Source>
                </Source>
            </Delphi.Personality>
            <Platforms>
                <Platform value="Android">False</Platform>
                <Platform value="iOSDevice32">False</Platform>
                <Platform value="iOSDevice64">True</Platform>
                <Platform value="iOSSimulator">False</Platform>
                <Platform value="OSX32">False</Platform>
                <Platform value="Win32">True</Platform>
                <Platform value="Win64">False</Platform>
            </Platforms>
        </BorlandProject>
        <ProjectFileVersion>12</ProjectFileVersion>
    </ProjectExtensions>
    <Import Project="$(BDS)\Bin\CodeGear.Delphi.Targets" Condition="Exists('$(BDS)\Bin\CodeGear.Delphi.Targets')"/>
    <Import Project="$(APPDATA)\Embarcadero\$(BDSAPPDATABASEDIR)\$(PRODUCTVERSION)\UserTools.proj" Condition="Exists('$(APPDATA)\Embarcadero\$(BDSAPPDATABASEDIR)\$(PRODUCTVERSION)\UserTools.proj')"/>
</Project>
